
Microsoft Visual Studio Solution File, Format Version 12.00
# Visual Studio Version 17
VisualStudioVersion = 17.0.31903.59
MinimumVisualStudioVersion = 10.0.40219.1
Project("{2150E333-8FDC-42A3-9474-1A3956D46DE8}") = "src", "src", "{827E0CD3-B72D-47B6-A68D-7590B98EB39B}"
EndProject
Project("{FAE04EC0-301F-11D3-BF4B-00C04F79EFBC}") = "Famick.HomeManagement.Domain", "src\Famick.HomeManagement.Domain\Famick.HomeManagement.Domain.csproj", "{EBA28604-C59A-4E61-8227-F0ABBA2D7AFA}"
EndProject
Project("{FAE04EC0-301F-11D3-BF4B-00C04F79EFBC}") = "Famick.HomeManagement.Shared", "src\Famick.HomeManagement.Shared\Famick.HomeManagement.Shared.csproj", "{F6814D6A-90DD-41AE-85B0-1FBA2539597E}"
EndProject
Project("{FAE04EC0-301F-11D3-BF4B-00C04F79EFBC}") = "Famick.HomeManagement.Core", "src\Famick.HomeManagement.Core\Famick.HomeManagement.Core.csproj", "{EA7459D9-F5C9-49FA-9B9F-770B7FC26378}"
EndProject
Project("{FAE04EC0-301F-11D3-BF4B-00C04F79EFBC}") = "Famick.HomeManagement.Infrastructure", "src\Famick.HomeManagement.Infrastructure\Famick.HomeManagement.Infrastructure.csproj", "{63DDA201-F87A-4F7D-AFA5-ECC2A651AC96}"
EndProject
Project("{FAE04EC0-301F-11D3-BF4B-00C04F79EFBC}") = "Famick.HomeManagement.UI", "src\Famick.HomeManagement.UI\Famick.HomeManagement.UI.csproj", "{55C56D31-14D2-49D0-9000-22B12947A452}"
EndProject
Project("{FAE04EC0-301F-11D3-BF4B-00C04F79EFBC}") = "Famick.HomeManagement.Web.Shared", "src\Famick.HomeManagement.Web.Shared\Famick.HomeManagement.Web.Shared.csproj", "{5F6249C2-4061-43C4-B99C-D7EA50951CEA}"
EndProject
Project("{FAE04EC0-301F-11D3-BF4B-00C04F79EFBC}") = "Famick.HomeManagement.Web", "src\Famick.HomeManagement.Web\Famick.HomeManagement.Web.csproj", "{A2ECC7A0-4F39-4A7E-92D3-D155FA88DAE6}"
EndProject
Project("{FAE04EC0-301F-11D3-BF4B-00C04F79EFBC}") = "Famick.HomeManagement.Web.Client", "src\Famick.HomeManagement.Web.Client\Famick.HomeManagement.Web.Client.csproj", "{170DD779-E213-4076-B659-198FF540070B}"
EndProject
Project("{FAE04EC0-301F-11D3-BF4B-00C04F79EFBC}") = "Famick.HomeManagement.Mobile", "src\Famick.HomeManagement.Mobile\Famick.HomeManagement.Mobile.csproj", "{504C6CD2-F221-44F5-984A-7A5286590583}"
EndProject
Project("{2150E333-8FDC-42A3-9474-1A3956D46DE8}") = "homemanagement-cloud", "homemanagement-cloud", "{BEECFE53-D9AB-8FB0-05BF-5EA5D4CF2911}"
EndProject
Project("{2150E333-8FDC-42A3-9474-1A3956D46DE8}") = "src", "src", "{BA2FED31-BB82-6DDA-8795-72EAE702EB6E}"
EndProject
Project("{FAE04EC0-301F-11D3-BF4B-00C04F79EFBC}") = "Famick.HomeManagement.Cloud", "homemanagement-cloud\src\Famick.HomeManagement.Cloud\Famick.HomeManagement.Cloud.csproj", "{49893010-21E7-4722-8CE8-18215E4F3482}"
EndProject
Project("{FAE04EC0-301F-11D3-BF4B-00C04F79EFBC}") = "Famick.HomeManagement.Cloud.Infrastructure", "homemanagement-cloud\src\Famick.HomeManagement.Cloud.Infrastructure\Famick.HomeManagement.Cloud.Infrastructure.csproj", "{752510F9-B49F-4700-A071-DDE8F34D617E}"
EndProject
Project("{FAE04EC0-301F-11D3-BF4B-00C04F79EFBC}") = "Famick.HomeManagement.Web", "homemanagement-cloud\src\Famick.HomeManagement.Web\Famick.HomeManagement.Web.csproj", "{6A036236-F39F-4D14-8E81-A52163FBCE08}"
EndProject
Project("{2150E333-8FDC-42A3-9474-1A3956D46DE8}") = "tests", "tests", "{0AB3BF05-4346-4AA6-1389-037BE0695223}"
EndProject
Project("{FAE04EC0-301F-11D3-BF4B-00C04F79EFBC}") = "Famick.HomeManagement.Shared.Tests.Unit", "tests\Famick.HomeManagement.Shared.Tests.Unit\Famick.HomeManagement.Shared.Tests.Unit.csproj", "{610E287B-9440-4A37-BD64-B2AB0FD3716A}"
EndProject
Project("{FAE04EC0-301F-11D3-BF4B-00C04F79EFBC}") = "Famick.HomeManagement.Shared.Tests.Integration", "tests\Famick.HomeManagement.Shared.Tests.Integration\Famick.HomeManagement.Shared.Tests.Integration.csproj", "{008832E8-4646-4DBB-8F48-6399D013F16E}"
EndProject
Project("{FAE04EC0-301F-11D3-BF4B-00C04F79EFBC}") = "Famick.HomeManagement.Tests.Unit", "tests\Famick.HomeManagement.Tests.Unit\Famick.HomeManagement.Tests.Unit.csproj", "{5D1E958D-1F45-4E8A-91F8-6BF83B133889}"
EndProject
Project("{FAE04EC0-301F-11D3-BF4B-00C04F79EFBC}") = "Famick.HomeManagement.Tests.Integration", "tests\Famick.HomeManagement.Tests.Integration\Famick.HomeManagement.Tests.Integration.csproj", "{B9CD4B27-EF72-4D33-B370-3B16E11240AA}"
EndProject
Project("{2150E333-8FDC-42A3-9474-1A3956D46DE8}") = "tests", "tests", "{95260B77-B287-50BD-7364-1ACD57BB3027}"
EndProject
Project("{FAE04EC0-301F-11D3-BF4B-00C04F79EFBC}") = "Famick.HomeManagement.Cloud.Tests.Unit", "homemanagement-cloud\tests\Famick.HomeManagement.Cloud.Tests.Unit\Famick.HomeManagement.Cloud.Tests.Unit.csproj", "{615E9DDC-32A4-4B1F-81C3-DE2F657758FD}"
EndProject
Project("{FAE04EC0-301F-11D3-BF4B-00C04F79EFBC}") = "Famick.HomeManagement.Cloud.Tests.Integration", "homemanagement-cloud\tests\Famick.HomeManagement.Cloud.Tests.Integration\Famick.HomeManagement.Cloud.Tests.Integration.csproj", "{61F841EC-3F90-442A-AD35-9962CF163B03}"
EndProject
Global
	GlobalSection(SolutionConfigurationPlatforms) = preSolution
		Debug|Any CPU = Debug|Any CPU
		Debug|x64 = Debug|x64
		Debug|x86 = Debug|x86
		Release|Any CPU = Release|Any CPU
		Release|x64 = Release|x64
		Release|x86 = Release|x86
	EndGlobalSection
	GlobalSection(ProjectConfigurationPlatforms) = postSolution
		{EBA28604-C59A-4E61-8227-F0ABBA2D7AFA}.Debug|Any CPU.ActiveCfg = Debug|Any CPU
		{EBA28604-C59A-4E61-8227-F0ABBA2D7AFA}.Debug|Any CPU.Build.0 = Debug|Any CPU
		{EBA28604-C59A-4E61-8227-F0ABBA2D7AFA}.Debug|x64.ActiveCfg = Debug|Any CPU
		{EBA28604-C59A-4E61-8227-F0ABBA2D7AFA}.Debug|x64.Build.0 = Debug|Any CPU
		{EBA28604-C59A-4E61-8227-F0ABBA2D7AFA}.Debug|x86.ActiveCfg = Debug|Any CPU
		{EBA28604-C59A-4E61-8227-F0ABBA2D7AFA}.Debug|x86.Build.0 = Debug|Any CPU
		{EBA28604-C59A-4E61-8227-F0ABBA2D7AFA}.Release|Any CPU.ActiveCfg = Release|Any CPU
		{EBA28604-C59A-4E61-8227-F0ABBA2D7AFA}.Release|Any CPU.Build.0 = Release|Any CPU
		{EBA28604-C59A-4E61-8227-F0ABBA2D7AFA}.Release|x64.ActiveCfg = Release|Any CPU
		{EBA28604-C59A-4E61-8227-F0ABBA2D7AFA}.Release|x64.Build.0 = Release|Any CPU
		{EBA28604-C59A-4E61-8227-F0ABBA2D7AFA}.Release|x86.ActiveCfg = Release|Any CPU
		{EBA28604-C59A-4E61-8227-F0ABBA2D7AFA}.Release|x86.Build.0 = Release|Any CPU
		{F6814D6A-90DD-41AE-85B0-1FBA2539597E}.Debug|Any CPU.ActiveCfg = Debug|Any CPU
		{F6814D6A-90DD-41AE-85B0-1FBA2539597E}.Debug|Any CPU.Build.0 = Debug|Any CPU
		{F6814D6A-90DD-41AE-85B0-1FBA2539597E}.Debug|x64.ActiveCfg = Debug|Any CPU
		{F6814D6A-90DD-41AE-85B0-1FBA2539597E}.Debug|x64.Build.0 = Debug|Any CPU
		{F6814D6A-90DD-41AE-85B0-1FBA2539597E}.Debug|x86.ActiveCfg = Debug|Any CPU
		{F6814D6A-90DD-41AE-85B0-1FBA2539597E}.Debug|x86.Build.0 = Debug|Any CPU
		{F6814D6A-90DD-41AE-85B0-1FBA2539597E}.Release|Any CPU.ActiveCfg = Release|Any CPU
		{F6814D6A-90DD-41AE-85B0-1FBA2539597E}.Release|Any CPU.Build.0 = Release|Any CPU
		{F6814D6A-90DD-41AE-85B0-1FBA2539597E}.Release|x64.ActiveCfg = Release|Any CPU
		{F6814D6A-90DD-41AE-85B0-1FBA2539597E}.Release|x64.Build.0 = Release|Any CPU
		{F6814D6A-90DD-41AE-85B0-1FBA2539597E}.Release|x86.ActiveCfg = Release|Any CPU
		{F6814D6A-90DD-41AE-85B0-1FBA2539597E}.Release|x86.Build.0 = Release|Any CPU
		{EA7459D9-F5C9-49FA-9B9F-770B7FC26378}.Debug|Any CPU.ActiveCfg = Debug|Any CPU
		{EA7459D9-F5C9-49FA-9B9F-770B7FC26378}.Debug|Any CPU.Build.0 = Debug|Any CPU
		{EA7459D9-F5C9-49FA-9B9F-770B7FC26378}.Debug|x64.ActiveCfg = Debug|Any CPU
		{EA7459D9-F5C9-49FA-9B9F-770B7FC26378}.Debug|x64.Build.0 = Debug|Any CPU
		{EA7459D9-F5C9-49FA-9B9F-770B7FC26378}.Debug|x86.ActiveCfg = Debug|Any CPU
		{EA7459D9-F5C9-49FA-9B9F-770B7FC26378}.Debug|x86.Build.0 = Debug|Any CPU
		{EA7459D9-F5C9-49FA-9B9F-770B7FC26378}.Release|Any CPU.ActiveCfg = Release|Any CPU
		{EA7459D9-F5C9-49FA-9B9F-770B7FC26378}.Release|Any CPU.Build.0 = Release|Any CPU
		{EA7459D9-F5C9-49FA-9B9F-770B7FC26378}.Release|x64.ActiveCfg = Release|Any CPU
		{EA7459D9-F5C9-49FA-9B9F-770B7FC26378}.Release|x64.Build.0 = Release|Any CPU
		{EA7459D9-F5C9-49FA-9B9F-770B7FC26378}.Release|x86.ActiveCfg = Release|Any CPU
		{EA7459D9-F5C9-49FA-9B9F-770B7FC26378}.Release|x86.Build.0 = Release|Any CPU
		{63DDA201-F87A-4F7D-AFA5-ECC2A651AC96}.Debug|Any CPU.ActiveCfg = Debug|Any CPU
		{63DDA201-F87A-4F7D-AFA5-ECC2A651AC96}.Debug|Any CPU.Build.0 = Debug|Any CPU
		{63DDA201-F87A-4F7D-AFA5-ECC2A651AC96}.Debug|x64.ActiveCfg = Debug|Any CPU
		{63DDA201-F87A-4F7D-AFA5-ECC2A651AC96}.Debug|x64.Build.0 = Debug|Any CPU
		{63DDA201-F87A-4F7D-AFA5-ECC2A651AC96}.Debug|x86.ActiveCfg = Debug|Any CPU
		{63DDA201-F87A-4F7D-AFA5-ECC2A651AC96}.Debug|x86.Build.0 = Debug|Any CPU
		{63DDA201-F87A-4F7D-AFA5-ECC2A651AC96}.Release|Any CPU.ActiveCfg = Release|Any CPU
		{63DDA201-F87A-4F7D-AFA5-ECC2A651AC96}.Release|Any CPU.Build.0 = Release|Any CPU
		{63DDA201-F87A-4F7D-AFA5-ECC2A651AC96}.Release|x64.ActiveCfg = Release|Any CPU
		{63DDA201-F87A-4F7D-AFA5-ECC2A651AC96}.Release|x64.Build.0 = Release|Any CPU
		{63DDA201-F87A-4F7D-AFA5-ECC2A651AC96}.Release|x86.ActiveCfg = Release|Any CPU
		{63DDA201-F87A-4F7D-AFA5-ECC2A651AC96}.Release|x86.Build.0 = Release|Any CPU
		{55C56D31-14D2-49D0-9000-22B12947A452}.Debug|Any CPU.ActiveCfg = Debug|Any CPU
		{55C56D31-14D2-49D0-9000-22B12947A452}.Debug|Any CPU.Build.0 = Debug|Any CPU
		{55C56D31-14D2-49D0-9000-22B12947A452}.Debug|x64.ActiveCfg = Debug|Any CPU
		{55C56D31-14D2-49D0-9000-22B12947A452}.Debug|x64.Build.0 = Debug|Any CPU
		{55C56D31-14D2-49D0-9000-22B12947A452}.Debug|x86.ActiveCfg = Debug|Any CPU
		{55C56D31-14D2-49D0-9000-22B12947A452}.Debug|x86.Build.0 = Debug|Any CPU
		{55C56D31-14D2-49D0-9000-22B12947A452}.Release|Any CPU.ActiveCfg = Release|Any CPU
		{55C56D31-14D2-49D0-9000-22B12947A452}.Release|Any CPU.Build.0 = Release|Any CPU
		{55C56D31-14D2-49D0-9000-22B12947A452}.Release|x64.ActiveCfg = Release|Any CPU
		{55C56D31-14D2-49D0-9000-22B12947A452}.Release|x64.Build.0 = Release|Any CPU
		{55C56D31-14D2-49D0-9000-22B12947A452}.Release|x86.ActiveCfg = Release|Any CPU
		{55C56D31-14D2-49D0-9000-22B12947A452}.Release|x86.Build.0 = Release|Any CPU
		{5F6249C2-4061-43C4-B99C-D7EA50951CEA}.Debug|Any CPU.ActiveCfg = Debug|Any CPU
		{5F6249C2-4061-43C4-B99C-D7EA50951CEA}.Debug|Any CPU.Build.0 = Debug|Any CPU
		{5F6249C2-4061-43C4-B99C-D7EA50951CEA}.Debug|x64.ActiveCfg = Debug|Any CPU
		{5F6249C2-4061-43C4-B99C-D7EA50951CEA}.Debug|x64.Build.0 = Debug|Any CPU
		{5F6249C2-4061-43C4-B99C-D7EA50951CEA}.Debug|x86.ActiveCfg = Debug|Any CPU
		{5F6249C2-4061-43C4-B99C-D7EA50951CEA}.Debug|x86.Build.0 = Debug|Any CPU
		{5F6249C2-4061-43C4-B99C-D7EA50951CEA}.Release|Any CPU.ActiveCfg = Release|Any CPU
		{5F6249C2-4061-43C4-B99C-D7EA50951CEA}.Release|Any CPU.Build.0 = Release|Any CPU
		{5F6249C2-4061-43C4-B99C-D7EA50951CEA}.Release|x64.ActiveCfg = Release|Any CPU
		{5F6249C2-4061-43C4-B99C-D7EA50951CEA}.Release|x64.Build.0 = Release|Any CPU
		{5F6249C2-4061-43C4-B99C-D7EA50951CEA}.Release|x86.ActiveCfg = Release|Any CPU
		{5F6249C2-4061-43C4-B99C-D7EA50951CEA}.Release|x86.Build.0 = Release|Any CPU
		{A2ECC7A0-4F39-4A7E-92D3-D155FA88DAE6}.Debug|Any CPU.ActiveCfg = Debug|Any CPU
		{A2ECC7A0-4F39-4A7E-92D3-D155FA88DAE6}.Debug|Any CPU.Build.0 = Debug|Any CPU
		{A2ECC7A0-4F39-4A7E-92D3-D155FA88DAE6}.Debug|x64.ActiveCfg = Debug|Any CPU
		{A2ECC7A0-4F39-4A7E-92D3-D155FA88DAE6}.Debug|x64.Build.0 = Debug|Any CPU
		{A2ECC7A0-4F39-4A7E-92D3-D155FA88DAE6}.Debug|x86.ActiveCfg = Debug|Any CPU
		{A2ECC7A0-4F39-4A7E-92D3-D155FA88DAE6}.Debug|x86.Build.0 = Debug|Any CPU
		{A2ECC7A0-4F39-4A7E-92D3-D155FA88DAE6}.Release|Any CPU.ActiveCfg = Release|Any CPU
		{A2ECC7A0-4F39-4A7E-92D3-D155FA88DAE6}.Release|Any CPU.Build.0 = Release|Any CPU
		{A2ECC7A0-4F39-4A7E-92D3-D155FA88DAE6}.Release|x64.ActiveCfg = Release|Any CPU
		{A2ECC7A0-4F39-4A7E-92D3-D155FA88DAE6}.Release|x64.Build.0 = Release|Any CPU
		{A2ECC7A0-4F39-4A7E-92D3-D155FA88DAE6}.Release|x86.ActiveCfg = Release|Any CPU
		{A2ECC7A0-4F39-4A7E-92D3-D155FA88DAE6}.Release|x86.Build.0 = Release|Any CPU
		{170DD779-E213-4076-B659-198FF540070B}.Debug|Any CPU.ActiveCfg = Debug|Any CPU
		{170DD779-E213-4076-B659-198FF540070B}.Debug|Any CPU.Build.0 = Debug|Any CPU
		{170DD779-E213-4076-B659-198FF540070B}.Debug|x64.ActiveCfg = Debug|Any CPU
		{170DD779-E213-4076-B659-198FF540070B}.Debug|x64.Build.0 = Debug|Any CPU
		{170DD779-E213-4076-B659-198FF540070B}.Debug|x86.ActiveCfg = Debug|Any CPU
		{170DD779-E213-4076-B659-198FF540070B}.Debug|x86.Build.0 = Debug|Any CPU
		{170DD779-E213-4076-B659-198FF540070B}.Release|Any CPU.ActiveCfg = Release|Any CPU
		{170DD779-E213-4076-B659-198FF540070B}.Release|Any CPU.Build.0 = Release|Any CPU
		{170DD779-E213-4076-B659-198FF540070B}.Release|x64.ActiveCfg = Release|Any CPU
		{170DD779-E213-4076-B659-198FF540070B}.Release|x64.Build.0 = Release|Any CPU
		{170DD779-E213-4076-B659-198FF540070B}.Release|x86.ActiveCfg = Release|Any CPU
		{170DD779-E213-4076-B659-198FF540070B}.Release|x86.Build.0 = Release|Any CPU
		{504C6CD2-F221-44F5-984A-7A5286590583}.Debug|Any CPU.ActiveCfg = Debug|Any CPU
		{504C6CD2-F221-44F5-984A-7A5286590583}.Debug|Any CPU.Build.0 = Debug|Any CPU
		{504C6CD2-F221-44F5-984A-7A5286590583}.Debug|x64.ActiveCfg = Debug|Any CPU
		{504C6CD2-F221-44F5-984A-7A5286590583}.Debug|x64.Build.0 = Debug|Any CPU
		{504C6CD2-F221-44F5-984A-7A5286590583}.Debug|x86.ActiveCfg = Debug|Any CPU
		{504C6CD2-F221-44F5-984A-7A5286590583}.Debug|x86.Build.0 = Debug|Any CPU
		{504C6CD2-F221-44F5-984A-7A5286590583}.Release|Any CPU.ActiveCfg = Release|Any CPU
		{504C6CD2-F221-44F5-984A-7A5286590583}.Release|Any CPU.Build.0 = Release|Any CPU
		{504C6CD2-F221-44F5-984A-7A5286590583}.Release|x64.ActiveCfg = Release|Any CPU
		{504C6CD2-F221-44F5-984A-7A5286590583}.Release|x64.Build.0 = Release|Any CPU
		{504C6CD2-F221-44F5-984A-7A5286590583}.Release|x86.ActiveCfg = Release|Any CPU
		{504C6CD2-F221-44F5-984A-7A5286590583}.Release|x86.Build.0 = Release|Any CPU
		{49893010-21E7-4722-8CE8-18215E4F3482}.Debug|Any CPU.ActiveCfg = Debug|Any CPU
		{49893010-21E7-4722-8CE8-18215E4F3482}.Debug|Any CPU.Build.0 = Debug|Any CPU
		{49893010-21E7-4722-8CE8-18215E4F3482}.Debug|x64.ActiveCfg = Debug|Any CPU
		{49893010-21E7-4722-8CE8-18215E4F3482}.Debug|x64.Build.0 = Debug|Any CPU
		{49893010-21E7-4722-8CE8-18215E4F3482}.Debug|x86.ActiveCfg = Debug|Any CPU
		{49893010-21E7-4722-8CE8-18215E4F3482}.Debug|x86.Build.0 = Debug|Any CPU
		{49893010-21E7-4722-8CE8-18215E4F3482}.Release|Any CPU.ActiveCfg = Release|Any CPU
		{49893010-21E7-4722-8CE8-18215E4F3482}.Release|Any CPU.Build.0 = Release|Any CPU
		{49893010-21E7-4722-8CE8-18215E4F3482}.Release|x64.ActiveCfg = Release|Any CPU
		{49893010-21E7-4722-8CE8-18215E4F3482}.Release|x64.Build.0 = Release|Any CPU
		{49893010-21E7-4722-8CE8-18215E4F3482}.Release|x86.ActiveCfg = Release|Any CPU
		{49893010-21E7-4722-8CE8-18215E4F3482}.Release|x86.Build.0 = Release|Any CPU
		{752510F9-B49F-4700-A071-DDE8F34D617E}.Debug|Any CPU.ActiveCfg = Debug|Any CPU
		{752510F9-B49F-4700-A071-DDE8F34D617E}.Debug|Any CPU.Build.0 = Debug|Any CPU
		{752510F9-B49F-4700-A071-DDE8F34D617E}.Debug|x64.ActiveCfg = Debug|Any CPU
		{752510F9-B49F-4700-A071-DDE8F34D617E}.Debug|x64.Build.0 = Debug|Any CPU
		{752510F9-B49F-4700-A071-DDE8F34D617E}.Debug|x86.ActiveCfg = Debug|Any CPU
		{752510F9-B49F-4700-A071-DDE8F34D617E}.Debug|x86.Build.0 = Debug|Any CPU
		{752510F9-B49F-4700-A071-DDE8F34D617E}.Release|Any CPU.ActiveCfg = Release|Any CPU
		{752510F9-B49F-4700-A071-DDE8F34D617E}.Release|Any CPU.Build.0 = Release|Any CPU
		{752510F9-B49F-4700-A071-DDE8F34D617E}.Release|x64.ActiveCfg = Release|Any CPU
		{752510F9-B49F-4700-A071-DDE8F34D617E}.Release|x64.Build.0 = Release|Any CPU
		{752510F9-B49F-4700-A071-DDE8F34D617E}.Release|x86.ActiveCfg = Release|Any CPU
		{752510F9-B49F-4700-A071-DDE8F34D617E}.Release|x86.Build.0 = Release|Any CPU
		{6A036236-F39F-4D14-8E81-A52163FBCE08}.Debug|Any CPU.ActiveCfg = Debug|Any CPU
		{6A036236-F39F-4D14-8E81-A52163FBCE08}.Debug|Any CPU.Build.0 = Debug|Any CPU
		{6A036236-F39F-4D14-8E81-A52163FBCE08}.Debug|x64.ActiveCfg = Debug|Any CPU
		{6A036236-F39F-4D14-8E81-A52163FBCE08}.Debug|x64.Build.0 = Debug|Any CPU
		{6A036236-F39F-4D14-8E81-A52163FBCE08}.Debug|x86.ActiveCfg = Debug|Any CPU
		{6A036236-F39F-4D14-8E81-A52163FBCE08}.Debug|x86.Build.0 = Debug|Any CPU
		{6A036236-F39F-4D14-8E81-A52163FBCE08}.Release|Any CPU.ActiveCfg = Release|Any CPU
		{6A036236-F39F-4D14-8E81-A52163FBCE08}.Release|Any CPU.Build.0 = Release|Any CPU
		{6A036236-F39F-4D14-8E81-A52163FBCE08}.Release|x64.ActiveCfg = Release|Any CPU
		{6A036236-F39F-4D14-8E81-A52163FBCE08}.Release|x64.Build.0 = Release|Any CPU
		{6A036236-F39F-4D14-8E81-A52163FBCE08}.Release|x86.ActiveCfg = Release|Any CPU
		{6A036236-F39F-4D14-8E81-A52163FBCE08}.Release|x86.Build.0 = Release|Any CPU
		{610E287B-9440-4A37-BD64-B2AB0FD3716A}.Debug|Any CPU.ActiveCfg = Debug|Any CPU
		{610E287B-9440-4A37-BD64-B2AB0FD3716A}.Debug|Any CPU.Build.0 = Debug|Any CPU
		{610E287B-9440-4A37-BD64-B2AB0FD3716A}.Debug|x64.ActiveCfg = Debug|Any CPU
		{610E287B-9440-4A37-BD64-B2AB0FD3716A}.Debug|x64.Build.0 = Debug|Any CPU
		{610E287B-9440-4A37-BD64-B2AB0FD3716A}.Debug|x86.ActiveCfg = Debug|Any CPU
		{610E287B-9440-4A37-BD64-B2AB0FD3716A}.Debug|x86.Build.0 = Debug|Any CPU
		{610E287B-9440-4A37-BD64-B2AB0FD3716A}.Release|Any CPU.ActiveCfg = Release|Any CPU
		{610E287B-9440-4A37-BD64-B2AB0FD3716A}.Release|Any CPU.Build.0 = Release|Any CPU
		{610E287B-9440-4A37-BD64-B2AB0FD3716A}.Release|x64.ActiveCfg = Release|Any CPU
		{610E287B-9440-4A37-BD64-B2AB0FD3716A}.Release|x64.Build.0 = Release|Any CPU
		{610E287B-9440-4A37-BD64-B2AB0FD3716A}.Release|x86.ActiveCfg = Release|Any CPU
		{610E287B-9440-4A37-BD64-B2AB0FD3716A}.Release|x86.Build.0 = Release|Any CPU
		{008832E8-4646-4DBB-8F48-6399D013F16E}.Debug|Any CPU.ActiveCfg = Debug|Any CPU
		{008832E8-4646-4DBB-8F48-6399D013F16E}.Debug|Any CPU.Build.0 = Debug|Any CPU
		{008832E8-4646-4DBB-8F48-6399D013F16E}.Debug|x64.ActiveCfg = Debug|Any CPU
		{008832E8-4646-4DBB-8F48-6399D013F16E}.Debug|x64.Build.0 = Debug|Any CPU
		{008832E8-4646-4DBB-8F48-6399D013F16E}.Debug|x86.ActiveCfg = Debug|Any CPU
		{008832E8-4646-4DBB-8F48-6399D013F16E}.Debug|x86.Build.0 = Debug|Any CPU
		{008832E8-4646-4DBB-8F48-6399D013F16E}.Release|Any CPU.ActiveCfg = Release|Any CPU
		{008832E8-4646-4DBB-8F48-6399D013F16E}.Release|Any CPU.Build.0 = Release|Any CPU
		{008832E8-4646-4DBB-8F48-6399D013F16E}.Release|x64.ActiveCfg = Release|Any CPU
		{008832E8-4646-4DBB-8F48-6399D013F16E}.Release|x64.Build.0 = Release|Any CPU
		{008832E8-4646-4DBB-8F48-6399D013F16E}.Release|x86.ActiveCfg = Release|Any CPU
		{008832E8-4646-4DBB-8F48-6399D013F16E}.Release|x86.Build.0 = Release|Any CPU
		{5D1E958D-1F45-4E8A-91F8-6BF83B133889}.Debug|Any CPU.ActiveCfg = Debug|Any CPU
		{5D1E958D-1F45-4E8A-91F8-6BF83B133889}.Debug|Any CPU.Build.0 = Debug|Any CPU
		{5D1E958D-1F45-4E8A-91F8-6BF83B133889}.Debug|x64.ActiveCfg = Debug|Any CPU
		{5D1E958D-1F45-4E8A-91F8-6BF83B133889}.Debug|x64.Build.0 = Debug|Any CPU
		{5D1E958D-1F45-4E8A-91F8-6BF83B133889}.Debug|x86.ActiveCfg = Debug|Any CPU
		{5D1E958D-1F45-4E8A-91F8-6BF83B133889}.Debug|x86.Build.0 = Debug|Any CPU
		{5D1E958D-1F45-4E8A-91F8-6BF83B133889}.Release|Any CPU.ActiveCfg = Release|Any CPU
		{5D1E958D-1F45-4E8A-91F8-6BF83B133889}.Release|Any CPU.Build.0 = Release|Any CPU
		{5D1E958D-1F45-4E8A-91F8-6BF83B133889}.Release|x64.ActiveCfg = Release|Any CPU
		{5D1E958D-1F45-4E8A-91F8-6BF83B133889}.Release|x64.Build.0 = Release|Any CPU
		{5D1E958D-1F45-4E8A-91F8-6BF83B133889}.Release|x86.ActiveCfg = Release|Any CPU
		{5D1E958D-1F45-4E8A-91F8-6BF83B133889}.Release|x86.Build.0 = Release|Any CPU
		{B9CD4B27-EF72-4D33-B370-3B16E11240AA}.Debug|Any CPU.ActiveCfg = Debug|Any CPU
		{B9CD4B27-EF72-4D33-B370-3B16E11240AA}.Debug|Any CPU.Build.0 = Debug|Any CPU
		{B9CD4B27-EF72-4D33-B370-3B16E11240AA}.Debug|x64.ActiveCfg = Debug|Any CPU
		{B9CD4B27-EF72-4D33-B370-3B16E11240AA}.Debug|x64.Build.0 = Debug|Any CPU
		{B9CD4B27-EF72-4D33-B370-3B16E11240AA}.Debug|x86.ActiveCfg = Debug|Any CPU
		{B9CD4B27-EF72-4D33-B370-3B16E11240AA}.Debug|x86.Build.0 = Debug|Any CPU
		{B9CD4B27-EF72-4D33-B370-3B16E11240AA}.Release|Any CPU.ActiveCfg = Release|Any CPU
		{B9CD4B27-EF72-4D33-B370-3B16E11240AA}.Release|Any CPU.Build.0 = Release|Any CPU
		{B9CD4B27-EF72-4D33-B370-3B16E11240AA}.Release|x64.ActiveCfg = Release|Any CPU
		{B9CD4B27-EF72-4D33-B370-3B16E11240AA}.Release|x64.Build.0 = Release|Any CPU
		{B9CD4B27-EF72-4D33-B370-3B16E11240AA}.Release|x86.ActiveCfg = Release|Any CPU
		{B9CD4B27-EF72-4D33-B370-3B16E11240AA}.Release|x86.Build.0 = Release|Any CPU
		{615E9DDC-32A4-4B1F-81C3-DE2F657758FD}.Debug|Any CPU.ActiveCfg = Debug|Any CPU
		{615E9DDC-32A4-4B1F-81C3-DE2F657758FD}.Debug|Any CPU.Build.0 = Debug|Any CPU
		{615E9DDC-32A4-4B1F-81C3-DE2F657758FD}.Debug|x64.ActiveCfg = Debug|Any CPU
		{615E9DDC-32A4-4B1F-81C3-DE2F657758FD}.Debug|x64.Build.0 = Debug|Any CPU
		{615E9DDC-32A4-4B1F-81C3-DE2F657758FD}.Debug|x86.ActiveCfg = Debug|Any CPU
		{615E9DDC-32A4-4B1F-81C3-DE2F657758FD}.Debug|x86.Build.0 = Debug|Any CPU
		{615E9DDC-32A4-4B1F-81C3-DE2F657758FD}.Release|Any CPU.ActiveCfg = Release|Any CPU
		{615E9DDC-32A4-4B1F-81C3-DE2F657758FD}.Release|Any CPU.Build.0 = Release|Any CPU
		{615E9DDC-32A4-4B1F-81C3-DE2F657758FD}.Release|x64.ActiveCfg = Release|Any CPU
		{615E9DDC-32A4-4B1F-81C3-DE2F657758FD}.Release|x64.Build.0 = Release|Any CPU
		{615E9DDC-32A4-4B1F-81C3-DE2F657758FD}.Release|x86.ActiveCfg = Release|Any CPU
		{615E9DDC-32A4-4B1F-81C3-DE2F657758FD}.Release|x86.Build.0 = Release|Any CPU
		{61F841EC-3F90-442A-AD35-9962CF163B03}.Debug|Any CPU.ActiveCfg = Debug|Any CPU
		{61F841EC-3F90-442A-AD35-9962CF163B03}.Debug|Any CPU.Build.0 = Debug|Any CPU
		{61F841EC-3F90-442A-AD35-9962CF163B03}.Debug|x64.ActiveCfg = Debug|Any CPU
		{61F841EC-3F90-442A-AD35-9962CF163B03}.Debug|x64.Build.0 = Debug|Any CPU
		{61F841EC-3F90-442A-AD35-9962CF163B03}.Debug|x86.ActiveCfg = Debug|Any CPU
		{61F841EC-3F90-442A-AD35-9962CF163B03}.Debug|x86.Build.0 = Debug|Any CPU
		{61F841EC-3F90-442A-AD35-9962CF163B03}.Release|Any CPU.ActiveCfg = Release|Any CPU
		{61F841EC-3F90-442A-AD35-9962CF163B03}.Release|Any CPU.Build.0 = Release|Any CPU
		{61F841EC-3F90-442A-AD35-9962CF163B03}.Release|x64.ActiveCfg = Release|Any CPU
		{61F841EC-3F90-442A-AD35-9962CF163B03}.Release|x64.Build.0 = Release|Any CPU
		{61F841EC-3F90-442A-AD35-9962CF163B03}.Release|x86.ActiveCfg = Release|Any CPU
		{61F841EC-3F90-442A-AD35-9962CF163B03}.Release|x86.Build.0 = Release|Any CPU
	EndGlobalSection
	GlobalSection(SolutionProperties) = preSolution
		HideSolutionNode = FALSE
	EndGlobalSection
	GlobalSection(NestedProjects) = preSolution
		{EBA28604-C59A-4E61-8227-F0ABBA2D7AFA} = {827E0CD3-B72D-47B6-A68D-7590B98EB39B}
		{F6814D6A-90DD-41AE-85B0-1FBA2539597E} = {827E0CD3-B72D-47B6-A68D-7590B98EB39B}
		{EA7459D9-F5C9-49FA-9B9F-770B7FC26378} = {827E0CD3-B72D-47B6-A68D-7590B98EB39B}
		{63DDA201-F87A-4F7D-AFA5-ECC2A651AC96} = {827E0CD3-B72D-47B6-A68D-7590B98EB39B}
		{55C56D31-14D2-49D0-9000-22B12947A452} = {827E0CD3-B72D-47B6-A68D-7590B98EB39B}
		{5F6249C2-4061-43C4-B99C-D7EA50951CEA} = {827E0CD3-B72D-47B6-A68D-7590B98EB39B}
		{A2ECC7A0-4F39-4A7E-92D3-D155FA88DAE6} = {827E0CD3-B72D-47B6-A68D-7590B98EB39B}
		{170DD779-E213-4076-B659-198FF540070B} = {827E0CD3-B72D-47B6-A68D-7590B98EB39B}
		{504C6CD2-F221-44F5-984A-7A5286590583} = {827E0CD3-B72D-47B6-A68D-7590B98EB39B}
		{BA2FED31-BB82-6DDA-8795-72EAE702EB6E} = {BEECFE53-D9AB-8FB0-05BF-5EA5D4CF2911}
		{49893010-21E7-4722-8CE8-18215E4F3482} = {BA2FED31-BB82-6DDA-8795-72EAE702EB6E}
		{752510F9-B49F-4700-A071-DDE8F34D617E} = {BA2FED31-BB82-6DDA-8795-72EAE702EB6E}
		{6A036236-F39F-4D14-8E81-A52163FBCE08} = {BA2FED31-BB82-6DDA-8795-72EAE702EB6E}
		{610E287B-9440-4A37-BD64-B2AB0FD3716A} = {0AB3BF05-4346-4AA6-1389-037BE0695223}
		{008832E8-4646-4DBB-8F48-6399D013F16E} = {0AB3BF05-4346-4AA6-1389-037BE0695223}
		{5D1E958D-1F45-4E8A-91F8-6BF83B133889} = {0AB3BF05-4346-4AA6-1389-037BE0695223}
		{B9CD4B27-EF72-4D33-B370-3B16E11240AA} = {0AB3BF05-4346-4AA6-1389-037BE0695223}
		{95260B77-B287-50BD-7364-1ACD57BB3027} = {BEECFE53-D9AB-8FB0-05BF-5EA5D4CF2911}
		{615E9DDC-32A4-4B1F-81C3-DE2F657758FD} = {95260B77-B287-50BD-7364-1ACD57BB3027}
		{61F841EC-3F90-442A-AD35-9962CF163B03} = {95260B77-B287-50BD-7364-1ACD57BB3027}
	EndGlobalSection
EndGlobal
